
Microsoft Visual Studio Solution File, Format Version 12.00
# Visual Studio Version 17
VisualStudioVersion = 17.13.35806.99 d17.13
MinimumVisualStudioVersion = 10.0.40219.1
Project("{FAE04EC0-301F-11D3-BF4B-00C04F79EFBC}") = "Task3Shop", "Task3Shop.csproj", "{2F7EBA19-EC45-4A24-B073-B98CF4A8ADAF}"
EndProject
Global
	GlobalSection(SolutionConfigurationPlatforms) = preSolution
		Debug|Any CPU = Debug|Any CPU
		Release|Any CPU = Release|Any CPU
	EndGlobalSection
	GlobalSection(ProjectConfigurationPlatforms) = postSolution
		{2F7EBA19-EC45-4A24-B073-B98CF4A8ADAF}.Debug|Any CPU.ActiveCfg = Debug|Any CPU
		{2F7EBA19-EC45-4A24-B073-B98CF4A8ADAF}.Debug|Any CPU.Build.0 = Debug|Any CPU
		{2F7EBA19-EC45-4A24-B073-B98CF4A8ADAF}.Release|Any CPU.ActiveCfg = Release|Any CPU
		{2F7EBA19-EC45-4A24-B073-B98CF4A8ADAF}.Release|Any CPU.Build.0 = Release|Any CPU
	EndGlobalSection
	GlobalSection(SolutionProperties) = preSolution
		HideSolutionNode = FALSE
	EndGlobalSection
	GlobalSection(ExtensibilityGlobals) = postSolution
		SolutionGuid = {A8FA8B40-9D2C-4642-9438-EFEE22EFB811}
	EndGlobalSection
EndGlobal
